
Microsoft Visual Studio Solution File, Format Version 12.00
# Visual Studio Version 17
VisualStudioVersion = 17.9.34728.123
MinimumVisualStudioVersion = 10.0.40219.1
Project("{8BC9CEB8-8B4A-11D0-8D11-00A0C91BC942}") = "BiblioKeeper", "BiblioKeeper\BiblioKeeper.vcxproj", "{350CB201-6600-41C3-AC4D-79E1448D811C}"
EndProject
Global
	GlobalSection(SolutionConfigurationPlatforms) = preSolution
		Debug|x64 = Debug|x64
		Debug|x86 = Debug|x86
		Release|x64 = Release|x64
		Release|x86 = Release|x86
	EndGlobalSection
	GlobalSection(ProjectConfigurationPlatforms) = postSolution
		{350CB201-6600-41C3-AC4D-79E1448D811C}.Debug|x64.ActiveCfg = Debug|x64
		{350CB201-6600-41C3-AC4D-79E1448D811C}.Debug|x64.Build.0 = Debug|x64
		{350CB201-6600-41C3-AC4D-79E1448D811C}.Debug|x86.ActiveCfg = Debug|Win32
		{350CB201-6600-41C3-AC4D-79E1448D811C}.Debug|x86.Build.0 = Debug|Win32
		{350CB201-6600-41C3-AC4D-79E1448D811C}.Release|x64.ActiveCfg = Release|x64
		{350CB201-6600-41C3-AC4D-79E1448D811C}.Release|x64.Build.0 = Release|x64
		{350CB201-6600-41C3-AC4D-79E1448D811C}.Release|x86.ActiveCfg = Release|Win32
		{350CB201-6600-41C3-AC4D-79E1448D811C}.Release|x86.Build.0 = Release|Win32
	EndGlobalSection
	GlobalSection(SolutionProperties) = preSolution
		HideSolutionNode = FALSE
	EndGlobalSection
	GlobalSection(ExtensibilityGlobals) = postSolution
		SolutionGuid = {3A41760B-319C-4239-8DD5-0A6C48BD5BBB}
	EndGlobalSection
EndGlobal
